Microsoft Visual Studio Solution File, Format Version 12.00
# Visual Studio Version 17
VisualStudioVersion = 17.5.2.0
MinimumVisualStudioVersion = 10.0.40219.1
Project("{2150E333-8FDC-42A3-9474-1A3956D46DE8}") = "AppDeploymentExample", "AppDeploymentExample", "{EA576D97-9EC3-DD6A-37C6-733CE05DDE81}"
EndProject
Project("{2150E333-8FDC-42A3-9474-1A3956D46DE8}") = "App", "App", "{6FAF430D-D930-57C5-6AA7-554DC6CD962E}"
EndProject
Project("{FAE04EC0-301F-11D3-BF4B-00C04F79EFBC}") = "HostnameApi", "AppDeploymentExample\App\HostnameApi\HostnameApi.csproj", "{1E053EEC-FC45-43D9-57E6-8C411D9C952A}"
EndProject
Project("{FAE04EC0-301F-11D3-BF4B-00C04F79EFBC}") = "ConsoleApp.Test", "AppDeploymentExample\App\Test\ConsoleApp.Test\ConsoleApp.Test.csproj", "{C8ADA307-4E95-4B3B-A21B-54370EB9D93E}"
EndProject
Project("{FAE04EC0-301F-11D3-BF4B-00C04F79EFBC}") = "Rabbit.Test", "AppDeploymentExample\App\Test\Rabbit.Test\Rabbit.Test.csproj", "{F690F6C7-686A-46CE-9E76-556D90D3B4A9}"
EndProject
Project("{FAE04EC0-301F-11D3-BF4B-00C04F79EFBC}") = "WeatherProxy", "AppDeploymentExample\App\WeatherProxy\WeatherProxy.csproj", "{E0FB2429-E4F2-4F56-B29E-C8303AD4D979}"
EndProject
Project("{FAE04EC0-301F-11D3-BF4B-00C04F79EFBC}") = "SeedWork", "AppDeploymentExample\App\SeedWork\SeedWork.csproj", "{E480D0EC-831C-4274-9564-0B63BC3AB5A8}"
EndProject
Global
	GlobalSection(SolutionConfigurationPlatforms) = preSolution
		Debug|Any CPU = Debug|Any CPU
		Release|Any CPU = Release|Any CPU
	EndGlobalSection
	GlobalSection(ProjectConfigurationPlatforms) = postSolution
		{1E053EEC-FC45-43D9-57E6-8C411D9C952A}.Debug|Any CPU.ActiveCfg = Debug|Any CPU
		{1E053EEC-FC45-43D9-57E6-8C411D9C952A}.Debug|Any CPU.Build.0 = Debug|Any CPU
		{1E053EEC-FC45-43D9-57E6-8C411D9C952A}.Release|Any CPU.ActiveCfg = Release|Any CPU
		{1E053EEC-FC45-43D9-57E6-8C411D9C952A}.Release|Any CPU.Build.0 = Release|Any CPU
		{C8ADA307-4E95-4B3B-A21B-54370EB9D93E}.Debug|Any CPU.ActiveCfg = Debug|Any CPU
		{C8ADA307-4E95-4B3B-A21B-54370EB9D93E}.Debug|Any CPU.Build.0 = Debug|Any CPU
		{C8ADA307-4E95-4B3B-A21B-54370EB9D93E}.Release|Any CPU.ActiveCfg = Release|Any CPU
		{C8ADA307-4E95-4B3B-A21B-54370EB9D93E}.Release|Any CPU.Build.0 = Release|Any CPU
		{F690F6C7-686A-46CE-9E76-556D90D3B4A9}.Debug|Any CPU.ActiveCfg = Debug|Any CPU
		{F690F6C7-686A-46CE-9E76-556D90D3B4A9}.Debug|Any CPU.Build.0 = Debug|Any CPU
		{F690F6C7-686A-46CE-9E76-556D90D3B4A9}.Release|Any CPU.ActiveCfg = Release|Any CPU
		{F690F6C7-686A-46CE-9E76-556D90D3B4A9}.Release|Any CPU.Build.0 = Release|Any CPU
		{E0FB2429-E4F2-4F56-B29E-C8303AD4D979}.Debug|Any CPU.ActiveCfg = Debug|Any CPU
		{E0FB2429-E4F2-4F56-B29E-C8303AD4D979}.Debug|Any CPU.Build.0 = Debug|Any CPU
		{E0FB2429-E4F2-4F56-B29E-C8303AD4D979}.Release|Any CPU.ActiveCfg = Release|Any CPU
		{E0FB2429-E4F2-4F56-B29E-C8303AD4D979}.Release|Any CPU.Build.0 = Release|Any CPU
		{E480D0EC-831C-4274-9564-0B63BC3AB5A8}.Debug|Any CPU.ActiveCfg = Debug|Any CPU
		{E480D0EC-831C-4274-9564-0B63BC3AB5A8}.Debug|Any CPU.Build.0 = Debug|Any CPU
		{E480D0EC-831C-4274-9564-0B63BC3AB5A8}.Release|Any CPU.ActiveCfg = Release|Any CPU
		{E480D0EC-831C-4274-9564-0B63BC3AB5A8}.Release|Any CPU.Build.0 = Release|Any CPU
	EndGlobalSection
	GlobalSection(SolutionProperties) = preSolution
		HideSolutionNode = FALSE
	EndGlobalSection
	GlobalSection(NestedProjects) = preSolution
		{6FAF430D-D930-57C5-6AA7-554DC6CD962E} = {EA576D97-9EC3-DD6A-37C6-733CE05DDE81}
		{1E053EEC-FC45-43D9-57E6-8C411D9C952A} = {6FAF430D-D930-57C5-6AA7-554DC6CD962E}
		{C8ADA307-4E95-4B3B-A21B-54370EB9D93E} = {6FAF430D-D930-57C5-6AA7-554DC6CD962E}
		{F690F6C7-686A-46CE-9E76-556D90D3B4A9} = {6FAF430D-D930-57C5-6AA7-554DC6CD962E}
		{E0FB2429-E4F2-4F56-B29E-C8303AD4D979} = {6FAF430D-D930-57C5-6AA7-554DC6CD962E}
		{E480D0EC-831C-4274-9564-0B63BC3AB5A8} = {6FAF430D-D930-57C5-6AA7-554DC6CD962E}
	EndGlobalSection
	GlobalSection(ExtensibilityGlobals) = postSolution
		SolutionGuid = {A3001E64-DC88-43F7-83D9-CF7A5FA20D02}
	EndGlobalSection
EndGlobal
